
Microsoft Visual Studio Solution File, Format Version 12.00
# Visual Studio 14
VisualStudioVersion = 14.0.25420.1
MinimumVisualStudioVersion = 10.0.40219.1
Project("{FAE04EC0-301F-11D3-BF4B-00C04F79EFBC}") = "FileChopper.Saga", "FileChopper.Saga\FileChopper.Saga.csproj", "{E0D65270-84F2-44EC-96C6-6628D40B4237}"
EndProject
Project("{FAE04EC0-301F-11D3-BF4B-00C04F79EFBC}") = "FileChopper.Client", "FileChopper.Client\FileChopper.Client.csproj", "{46E05FBA-8544-4E0C-BD71-4C7DE99B787F}"
EndProject
Project("{FAE04EC0-301F-11D3-BF4B-00C04F79EFBC}") = "FileChopper.Shared", "FileChopper.Shared\FileChopper.Shared.csproj", "{91161450-6BC2-4048-ACA8-6C5211887342}"
EndProject
Project("{FAE04EC0-301F-11D3-BF4B-00C04F79EFBC}") = "FileChopper.FileProcessor", "FileChopper.FileProcessor\FileChopper.FileProcessor.csproj", "{A1B59047-D656-4579-A750-3B3E68A137E5}"
EndProject
Global
	GlobalSection(SolutionConfigurationPlatforms) = preSolution
		Debug|Any CPU = Debug|Any CPU
		Release|Any CPU = Release|Any CPU
	EndGlobalSection
	GlobalSection(ProjectConfigurationPlatforms) = postSolution
		{E0D65270-84F2-44EC-96C6-6628D40B4237}.Debug|Any CPU.ActiveCfg = Debug|Any CPU
		{E0D65270-84F2-44EC-96C6-6628D40B4237}.Debug|Any CPU.Build.0 = Debug|Any CPU
		{E0D65270-84F2-44EC-96C6-6628D40B4237}.Release|Any CPU.ActiveCfg = Release|Any CPU
		{E0D65270-84F2-44EC-96C6-6628D40B4237}.Release|Any CPU.Build.0 = Release|Any CPU
		{46E05FBA-8544-4E0C-BD71-4C7DE99B787F}.Debug|Any CPU.ActiveCfg = Debug|Any CPU
		{46E05FBA-8544-4E0C-BD71-4C7DE99B787F}.Debug|Any CPU.Build.0 = Debug|Any CPU
		{46E05FBA-8544-4E0C-BD71-4C7DE99B787F}.Release|Any CPU.ActiveCfg = Release|Any CPU
		{46E05FBA-8544-4E0C-BD71-4C7DE99B787F}.Release|Any CPU.Build.0 = Release|Any CPU
		{91161450-6BC2-4048-ACA8-6C5211887342}.Debug|Any CPU.ActiveCfg = Debug|Any CPU
		{91161450-6BC2-4048-ACA8-6C5211887342}.Debug|Any CPU.Build.0 = Debug|Any CPU
		{91161450-6BC2-4048-ACA8-6C5211887342}.Release|Any CPU.ActiveCfg = Release|Any CPU
		{91161450-6BC2-4048-ACA8-6C5211887342}.Release|Any CPU.Build.0 = Release|Any CPU
		{A1B59047-D656-4579-A750-3B3E68A137E5}.Debug|Any CPU.ActiveCfg = Debug|Any CPU
		{A1B59047-D656-4579-A750-3B3E68A137E5}.Debug|Any CPU.Build.0 = Debug|Any CPU
		{A1B59047-D656-4579-A750-3B3E68A137E5}.Release|Any CPU.ActiveCfg = Release|Any CPU
		{A1B59047-D656-4579-A750-3B3E68A137E5}.Release|Any CPU.Build.0 = Release|Any CPU
	EndGlobalSection
	GlobalSection(SolutionProperties) = preSolution
		HideSolutionNode = FALSE
	EndGlobalSection
EndGlobal
